Microsoft Visual Studio Solution File, Format Version 9.00
# Visual Studio 2005
Project("{FAE04EC0-301F-11D3-BF4B-00C04F79EFBC}") = "Example", "example\Example.csproj", "{621AAC3C-38EC-4F70-80D3-68DE4829AA33}"
EndProject
Project("{FAE04EC0-301F-11D3-BF4B-00C04F79EFBC}") = "Fetch", "Fetch\Fetch.csproj", "{3EFC307A-7AA7-4566-8517-BD80263C2830}"
EndProject
Project("{FAE04EC0-301F-11D3-BF4B-00C04F79EFBC}") = "Tests", "Tests\Tests.csproj", "{758C0F47-99BF-43B2-8C91-C94CAEC72DAC}"
EndProject
Project("{FAE04EC0-301F-11D3-BF4B-00C04F79EFBC}") = "HttpCompress", "HttpCompress\HttpCompress.csproj", "{24B5F8DA-F11C-4B77-8BF9-5D2E4534DDE5}"
EndProject
Global
	GlobalSection(SolutionConfigurationPlatforms) = preSolution
		Debug|Any CPU = Debug|Any CPU
		Production|Any CPU = Production|Any CPU
		Release|Any CPU = Release|Any CPU
	EndGlobalSection
	GlobalSection(ProjectConfigurationPlatforms) = postSolution
		{621AAC3C-38EC-4F70-80D3-68DE4829AA33}.Debug|Any CPU.ActiveCfg = Debug|Any CPU
		{621AAC3C-38EC-4F70-80D3-68DE4829AA33}.Debug|Any CPU.Build.0 = Debug|Any CPU
		{621AAC3C-38EC-4F70-80D3-68DE4829AA33}.Production|Any CPU.ActiveCfg = Production|Any CPU
		{621AAC3C-38EC-4F70-80D3-68DE4829AA33}.Production|Any CPU.Build.0 = Production|Any CPU
		{621AAC3C-38EC-4F70-80D3-68DE4829AA33}.Release|Any CPU.ActiveCfg = Release|Any CPU
		{621AAC3C-38EC-4F70-80D3-68DE4829AA33}.Release|Any CPU.Build.0 = Release|Any CPU
		{3EFC307A-7AA7-4566-8517-BD80263C2830}.Debug|Any CPU.ActiveCfg = Debug|Any CPU
		{3EFC307A-7AA7-4566-8517-BD80263C2830}.Debug|Any CPU.Build.0 = Debug|Any CPU
		{3EFC307A-7AA7-4566-8517-BD80263C2830}.Production|Any CPU.ActiveCfg = Production|Any CPU
		{3EFC307A-7AA7-4566-8517-BD80263C2830}.Production|Any CPU.Build.0 = Production|Any CPU
		{3EFC307A-7AA7-4566-8517-BD80263C2830}.Release|Any CPU.ActiveCfg = Release|Any CPU
		{3EFC307A-7AA7-4566-8517-BD80263C2830}.Release|Any CPU.Build.0 = Release|Any CPU
		{758C0F47-99BF-43B2-8C91-C94CAEC72DAC}.Debug|Any CPU.ActiveCfg = Debug|Any CPU
		{758C0F47-99BF-43B2-8C91-C94CAEC72DAC}.Debug|Any CPU.Build.0 = Debug|Any CPU
		{758C0F47-99BF-43B2-8C91-C94CAEC72DAC}.Production|Any CPU.ActiveCfg = Production|Any CPU
		{758C0F47-99BF-43B2-8C91-C94CAEC72DAC}.Production|Any CPU.Build.0 = Production|Any CPU
		{758C0F47-99BF-43B2-8C91-C94CAEC72DAC}.Release|Any CPU.ActiveCfg = Release|Any CPU
		{758C0F47-99BF-43B2-8C91-C94CAEC72DAC}.Release|Any CPU.Build.0 = Release|Any CPU
		{24B5F8DA-F11C-4B77-8BF9-5D2E4534DDE5}.Debug|Any CPU.ActiveCfg = Debug|Any CPU
		{24B5F8DA-F11C-4B77-8BF9-5D2E4534DDE5}.Debug|Any CPU.Build.0 = Debug|Any CPU
		{24B5F8DA-F11C-4B77-8BF9-5D2E4534DDE5}.Production|Any CPU.ActiveCfg = Production|Any CPU
		{24B5F8DA-F11C-4B77-8BF9-5D2E4534DDE5}.Production|Any CPU.Build.0 = Production|Any CPU
		{24B5F8DA-F11C-4B77-8BF9-5D2E4534DDE5}.Release|Any CPU.ActiveCfg = Release|Any CPU
		{24B5F8DA-F11C-4B77-8BF9-5D2E4534DDE5}.Release|Any CPU.Build.0 = Release|Any CPU
	EndGlobalSection
	GlobalSection(SolutionProperties) = preSolution
		HideSolutionNode = FALSE
	EndGlobalSection
EndGlobal
